// !$*UTF8*$!
{
	archiveVersion = 1;
	classes = {
	};
	objectVersion = 55;
	objects = {

/* Begin PBXBuildFile section */
		26190D0226CDA6E500043EEB /* MissionValleySwiftUIApp.swift in Sources */ = {isa = PBXBuildFile; fileRef = 26190D0126CDA6E500043EEB /* MissionValleySwiftUIApp.swift */; };
		26190D0426CDA6E500043EEB /* ContentView.swift in Sources */ = {isa = PBXBuildFile; fileRef = 26190D0326CDA6E500043EEB /* ContentView.swift */; };
		26190D0626CDA6E900043EEB /* Assets.xcassets in Resources */ = {isa = PBXBuildFile; fileRef = 26190D0526CDA6E900043EEB /* Assets.xcassets */; };
		26190D0926CDA6E900043EEB /* Preview Assets.xcassets in Resources */ = {isa = PBXBuildFile; fileRef = 26190D0826CDA6E900043EEB /* Preview Assets.xcassets */; };
		26190D1126CDA76A00043EEB /* TimerBootcamp.swift in Sources */ = {isa = PBXBuildFile; fileRef = 26190D1026CDA76A00043EEB /* TimerBootcamp.swift */; };
		26190D1426CDAF6200043EEB /* DownloadAPI.swift in Sources */ = {isa = PBXBuildFile; fileRef = 26190D1326CDAF6200043EEB /* DownloadAPI.swift */; };
/* End PBXBuildFile section */

/* Begin PBXFileReference section */
		26190CFE26CDA6E500043EEB /* MissionValleySwiftUI.app */ = {isa = PBXFileReference; explicitFileType = wrapper.application; includeInIndex = 0; path = MissionValleySwiftUI.app; sourceTree = BUILT_PRODUCTS_DIR; };
		26190D0126CDA6E500043EEB /* MissionValleySwiftUIApp.swift */ = {isa = PBXFileReference; lastKnownFileType = sourcecode.swift; path = MissionValleySwiftUIApp.swift; sourceTree = "<group>"; };
		26190D0326CDA6E500043EEB /* ContentView.swift */ = {isa = PBXFileReference; lastKnownFileType = sourcecode.swift; path = ContentView.swift; sourceTree = "<group>"; };
		26190D0526CDA6E900043EEB /* Assets.xcassets */ = {isa = PBXFileReference; lastKnownFileType = folder.assetcatalog; path = Assets.xcassets; sourceTree = "<group>"; };
		26190D0826CDA6E900043EEB /* Preview Assets.xcassets */ = {isa = PBXFileReference; lastKnownFileType = folder.assetcatalog; path = "Preview Assets.xcassets"; sourceTree = "<group>"; };
		26190D1026CDA76A00043EEB /* TimerBootcamp.swift */ = {isa = PBXFileReference; lastKnownFileType = sourcecode.swift; path = TimerBootcamp.swift; sourceTree = "<group>"; };
		26190D1326CDAF6200043EEB /* DownloadAPI.swift */ = {isa = PBXFileReference; lastKnownFileType = sourcecode.swift; path = DownloadAPI.swift; sourceTree = "<group>"; };
/* End PBXFileReference section */

/* Begin PBXFrameworksBuildPhase section */
		26190CFB26CDA6E500043EEB /* Frameworks */ = {
			isa = PBXFrameworksBuildPhase;
			buildActionMask = 2147483647;
			files = (
			);
			runOnlyForDeploymentPostprocessing = 0;
		};
/* End PBXFrameworksBuildPhase section */

/* Begin PBXGroup section */
		26190CF526CDA6E500043EEB = {
			isa = PBXGroup;
			children = (
				26190D0026CDA6E500043EEB /* MissionValleySwiftUI */,
				26190CFF26CDA6E500043EEB /* Products */,
			);
			sourceTree = "<group>";
		};
		26190CFF26CDA6E500043EEB /* Products */ = {
			isa = PBXGroup;
			children = (
				26190CFE26CDA6E500043EEB /* MissionValleySwiftUI.app */,
			);
			name = Products;
			sourceTree = "<group>";
		};
		26190D0026CDA6E500043EEB /* MissionValleySwiftUI */ = {
			isa = PBXGroup;
			children = (
				26190D1226CDAF3D00043EEB /* JSONapi */,
				26190D0F26CDA75200043EEB /* Bootcamp */,
				26190D0126CDA6E500043EEB /* MissionValleySwiftUIApp.swift */,
				26190D0326CDA6E500043EEB /* ContentView.swift */,
				26190D0526CDA6E900043EEB /* Assets.xcassets */,
				26190D0726CDA6E900043EEB /* Preview Content */,
			);
			path = MissionValleySwiftUI;
			sourceTree = "<group>";
		};
		26190D0726CDA6E900043EEB /* Preview Content */ = {
			isa = PBXGroup;
			children = (
				26190D0826CDA6E900043EEB /* Preview Assets.xcassets */,
			);
			path = "Preview Content";
			sourceTree = "<group>";
		};
		26190D0F26CDA75200043EEB /* Bootcamp */ = {
			isa = PBXGroup;
			children = (
				26190D1026CDA76A00043EEB /* TimerBootcamp.swift */,
			);
			path = Bootcamp;
			sourceTree = "<group>";
		};
		26190D1226CDAF3D00043EEB /* JSONapi */ = {
			isa = PBXGroup;
			children = (
				26190D1326CDAF6200043EEB /* DownloadAPI.swift */,
			);
			path = JSONapi;
			sourceTree = "<group>";
		};
/* End PBXGroup section */

/* Begin PBXNativeTarget section */
		26190CFD26CDA6E500043EEB /* MissionValleySwiftUI */ = {
			isa = PBXNativeTarget;
			buildConfigurationList = 26190D0C26CDA6E900043EEB /* Build configuration list for PBXNativeTarget "MissionValleySwiftUI" */;
			buildPhases = (
				26190CFA26CDA6E500043EEB /* Sources */,
				26190CFB26CDA6E500043EEB /* Frameworks */,
				26190CFC26CDA6E500043EEB /* Resources */,
			);
			buildRules = (
			);
			dependencies = (
			);
			name = MissionValleySwiftUI;
			productName = MissionValleySwiftUI;
			productReference = 26190CFE26CDA6E500043EEB /* MissionValleySwiftUI.app */;
			productType = "com.apple.product-type.application";
		};
/* End PBXNativeTarget section */

/* Begin PBXProject section */
		26190CF626CDA6E500043EEB /* Project object */ = {
			isa = PBXProject;
			attributes = {
				BuildIndependentTargetsInParallel = 1;
				LastSwiftUpdateCheck = 1300;
				LastUpgradeCheck = 1300;
				TargetAttributes = {
					26190CFD26CDA6E500043EEB = {
						CreatedOnToolsVersion = 13.0;
					};
				};
			};
			buildConfigurationList = 26190CF926CDA6E500043EEB /* Build configuration list for PBXProject "MissionValleySwiftUI" */;
			compatibilityVersion = "Xcode 13.0";
			developmentRegion = en;
			hasScannedForEncodings = 0;
			knownRegions = (
				en,
				Base,
			);
			mainGroup = 26190CF526CDA6E500043EEB;
			productRefGroup = 26190CFF26CDA6E500043EEB /* Products */;
			projectDirPath = "";
			projectRoot = "";
			targets = (
				26190CFD26CDA6E500043EEB /* MissionValleySwiftUI */,
			);
		};
/* End PBXProject section */

/* Begin PBXResourcesBuildPhase section */
		26190CFC26CDA6E500043EEB /* Resources */ = {
			isa = PBXResourcesBuildPhase;
			buildActionMask = 2147483647;
			files = (
				26190D0926CDA6E900043EEB /* Preview Assets.xcassets in Resources */,
				26190D0626CDA6E900043EEB /* Assets.xcassets in Resources */,
			);
			runOnlyForDeploymentPostprocessing = 0;
		};
/* End PBXResourcesBuildPhase section */

/* Begin PBXSourcesBuildPhase section */
		26190CFA26CDA6E500043EEB /* Sources */ = {
			isa = PBXSourcesBuildPhase;
			buildActionMask = 2147483647;
			files = (
				26190D0426CDA6E500043EEB /* ContentView.swift in Sources */,
				26190D0226CDA6E500043EEB /* MissionValleySwiftUIApp.swift in Sources */,
				26190D1426CDAF6200043EEB /* DownloadAPI.swift in Sources */,
				26190D1126CDA76A00043EEB /* TimerBootcamp.swift in Sources */,
			);
			runOnlyForDeploymentPostprocessing = 0;
		};
/* End PBXSourcesBuildPhase section */

/* Begin XCBuildConfiguration section */
		26190D0A26CDA6E900043EEB /* Debug */ = {
			isa = XCBuildConfiguration;
			buildSettings = {
				ALWAYS_SEARCH_USER_PATHS = NO;
				CLANG_ANALYZER_NONNULL = YES;
				CLANG_ANALYZER_NUMBER_OBJECT_CONVERSION = YES_AGGRESSIVE;
				CLANG_CXX_LANGUAGE_STANDARD = "gnu++14";
				CLANG_CXX_LIBRARY = "libc++";
				CLANG_ENABLE_MODULES = YES;
				CLANG_ENABLE_OBJC_ARC = YES;
				CLANG_ENABLE_OBJC_WEAK = YES;
				CLANG_WARN_BLOCK_CAPTURE_AUTORELEASING = YES;
				CLANG_WARN_BOOL_CONVERSION = YES;
				CLANG_WARN_COMMA = YES;
				CLANG_WARN_CONSTANT_CONVERSION = YES;
				CLANG_WARN_DEPRECATED_OBJC_IMPLEMENTATIONS = YES;
				CLANG_WARN_DIRECT_OBJC_ISA_USAGE = YES_ERROR;
				CLANG_WARN_DOCUMENTATION_COMMENTS = YES;
				CLANG_WARN_EMPTY_BODY = YES;
				CLANG_WARN_ENUM_CONVERSION = YES;
				CLANG_WARN_INFINITE_RECURSION = YES;
				CLANG_WARN_INT_CONVERSION = YES;
				CLANG_WARN_NON_LITERAL_NULL_CONVERSION = YES;
				CLANG_WARN_OBJC_IMPLICIT_RETAIN_SELF = YES;
				CLANG_WARN_OBJC_LITERAL_CONVERSION = YES;
				CLANG_WARN_OBJC_ROOT_CLASS = YES_ERROR;
				CLANG_WARN_QUOTED_INCLUDE_IN_FRAMEWORK_HEADER = YES;
				CLANG_WARN_RANGE_LOOP_ANALYSIS = YES;
				CLANG_WARN_STRICT_PROTOTYPES = YES;
				CLANG_WARN_SUSPICIOUS_MOVE = YES;
				CLANG_WARN_UNGUARDED_AVAILABILITY = YES_AGGRESSIVE;
				CLANG_WARN_UNREACHABLE_CODE = YES;
				CLANG_WARN__DUPLICATE_METHOD_MATCH = YES;
				COPY_PHASE_STRIP = NO;
				DEBUG_INFORMATION_FORMAT = dwarf;
				ENABLE_STRICT_OBJC_MSGSEND = YES;
				ENABLE_TESTABILITY = YES;
				GCC_C_LANGUAGE_STANDARD = gnu11;
				GCC_DYNAMIC_NO_PIC = NO;
				GCC_NO_COMMON_BLOCKS = YES;
				GCC_OPTIMIZATION_LEVEL = 0;
				GCC_PREPROCESSOR_DEFINITIONS = (
					"DEBUG=1",
					"$(inherited)",
				);
				GCC_WARN_64_TO_32_BIT_CONVERSION = YES;
				GCC_WARN_ABOUT_RETURN_TYPE = YES_ERROR;
				GCC_WARN_UNDECLARED_SELECTOR = YES;
				GCC_WARN_UNINITIALIZED_AUTOS = YES_AGGRESSIVE;
				GCC_WARN_UNUSED_FUNCTION = YES;
				GCC_WARN_UNUSED_VARIABLE = YES;
				IPHONEOS_DEPLOYMENT_TARGET = 15.0;
				MTL_ENABLE_DEBUG_INFO = INCLUDE_SOURCE;
				MTL_FAST_MATH = YES;
				ONLY_ACTIVE_ARCH = YES;
				SDKROOT = iphoneos;
				SWIFT_ACTIVE_COMPILATION_CONDITIONS = DEBUG;
				SWIFT_OPTIMIZATION_LEVEL = "-Onone";
			};
			name = Debug;
		};
		26190D0B26CDA6E900043EEB /* Release */ = {
			isa = XCBuildConfiguration;
			buildSettings = {
				ALWAYS_SEARCH_USER_PATHS = NO;
				CLANG_ANALYZER_NONNULL = YES;
				CLANG_ANALYZER_NUMBER_OBJECT_CONVERSION = YES_AGGRESSIVE;
				CLANG_CXX_LANGUAGE_STANDARD = "gnu++14";
				CLANG_CXX_LIBRARY = "libc++";
				CLANG_ENABLE_MODULES = YES;
				CLANG_ENABLE_OBJC_ARC = YES;
				CLANG_ENABLE_OBJC_WEAK = YES;
				CLANG_WARN_BLOCK_CAPTURE_AUTORELEASING = YES;
				CLANG_WARN_BOOL_CONVERSION = YES;
				CLANG_WARN_COMMA = YES;
				CLANG_WARN_CONSTANT_CONVERSION = YES;
				CLANG_WARN_DEPRECATED_OBJC_IMPLEMENTATIONS = YES;
				CLANG_WARN_DIRECT_OBJC_ISA_USAGE = YES_ERROR;
				CLANG_WARN_DOCUMENTATION_COMMENTS = YES;
				CLANG_WARN_EMPTY_BODY = YES;
				CLANG_WARN_ENUM_CONVERSION = YES;
				CLANG_WARN_INFINITE_RECURSION = YES;
				CLANG_WARN_INT_CONVERSION = YES;
				CLANG_WARN_NON_LITERAL_NULL_CONVERSION = YES;
				CLANG_WARN_OBJC_IMPLICIT_RETAIN_SELF = YES;
				CLANG_WARN_OBJC_LITERAL_CONVERSION = YES;
				CLANG_WARN_OBJC_ROOT_CLASS = YES_ERROR;
				CLANG_WARN_QUOTED_INCLUDE_IN_FRAMEWORK_HEADER = YES;
				CLANG_WARN_RANGE_LOOP_ANALYSIS = YES;
				CLANG_WARN_STRICT_PROTOTYPES = YES;
				CLANG_WARN_SUSPICIOUS_MOVE = YES;
				CLANG_WARN_UNGUARDED_AVAILABILITY = YES_AGGRESSIVE;
				CLANG_WARN_UNREACHABLE_CODE = YES;
				CLANG_WARN__DUPLICATE_METHOD_MATCH = YES;
				COPY_PHASE_STRIP = NO;
				DEBUG_INFORMATION_FORMAT = "dwarf-with-dsym";
				ENABLE_NS_ASSERTIONS = NO;
				ENABLE_STRICT_OBJC_MSGSEND = YES;
				GCC_C_LANGUAGE_STANDARD = gnu11;
				GCC_NO_COMMON_BLOCKS = YES;
				GCC_WARN_64_TO_32_BIT_CONVERSION = YES;
				GCC_WARN_ABOUT_RETURN_TYPE = YES_ERROR;
				GCC_WARN_UNDECLARED_SELECTOR = YES;
				GCC_WARN_UNINITIALIZED_AUTOS = YES_AGGRESSIVE;
				GCC_WARN_UNUSED_FUNCTION = YES;
				GCC_WARN_UNUSED_VARIABLE = YES;
				IPHONEOS_DEPLOYMENT_TARGET = 15.0;
				MTL_ENABLE_DEBUG_INFO = NO;
				MTL_FAST_MATH = YES;
				SDKROOT = iphoneos;
				SWIFT_COMPILATION_MODE = wholemodule;
				SWIFT_OPTIMIZATION_LEVEL = "-O";
				VALIDATE_PRODUCT = YES;
			};
			name = Release;
		};
		26190D0D26CDA6E900043EEB /* Debug */ = {
			isa = XCBuildConfiguration;
			buildSettings = {
				ASSETCATALOG_COMPILER_APPICON_NAME = AppIcon;
				ASSETCATALOG_COMPILER_GLOBAL_ACCENT_COLOR_NAME = AccentColor;
				CODE_SIGN_STYLE = Automatic;
				CURRENT_PROJECT_VERSION = 1;
				DEVELOPMENT_ASSET_PATHS = "\"MissionValleySwiftUI/Preview Content\"";
				DEVELOPMENT_TEAM = 98M895WJHC;
				ENABLE_PREVIEWS = YES;
				GENERATE_INFOPLIST_FILE = YES;
				INFOPLIST_KEY_UIApplicationSceneManifest_Generation = YES;
				INFOPLIST_KEY_UIApplicationSupportsIndirectInputEvents = YES;
				INFOPLIST_KEY_UILaunchScreen_Generation = YES;
				INFOPLIST_KEY_UISupportedInterfaceOrientations_iPad = "UIInterfaceOrientationPortrait UIInterfaceOrientationPortraitUpsideDown UIInterfaceOrientationLandscapeLeft UIInterfaceOrientationLandscapeRight";
				INFOPLIST_KEY_UISupportedInterfaceOrientations_iPhone = "UIInterfaceOrientationPortrait UIInterfaceOrientationLandscapeLeft UIInterfaceOrientationLandscapeRight";
				IPHONEOS_DEPLOYMENT_TARGET = 14.0;
				LD_RUNPATH_SEARCH_PATHS = (
					"$(inherited)",
					"@executable_path/Frameworks",
				);
				MARKETING_VERSION = 1.0;
				PRODUCT_BUNDLE_IDENTIFIER = com.southbaydesign.MissionValleySwiftUI;
				PRODUCT_NAME = "$(TARGET_NAME)";
				SWIFT_EMIT_LOC_STRINGS = YES;
				SWIFT_VERSION = 5.0;
				TARGETED_DEVICE_FAMILY = "1,2";
			};
			name = Debug;
		};
		26190D0E26CDA6E900043EEB /* Release */ = {
			isa = XCBuildConfiguration;
			buildSettings = {
				ASSETCATALOG_COMPILER_APPICON_NAME = AppIcon;
				ASSETCATALOG_COMPILER_GLOBAL_ACCENT_COLOR_NAME = AccentColor;
				CODE_SIGN_STYLE = Automatic;
				CURRENT_PROJECT_VERSION = 1;
				DEVELOPMENT_ASSET_PATHS = "\"MissionValleySwiftUI/Preview Content\"";
				DEVELOPMENT_TEAM = 98M895WJHC;
				ENABLE_PREVIEWS = YES;
				GENERATE_INFOPLIST_FILE = YES;
				INFOPLIST_KEY_UIApplicationSceneManifest_Generation = YES;
				INFOPLIST_KEY_UIApplicationSupportsIndirectInputEvents = YES;
				INFOPLIST_KEY_UILaunchScreen_Generation = YES;
				INFOPLIST_KEY_UISupportedInterfaceOrientations_iPad = "UIInterfaceOrientationPortrait UIInterfaceOrientationPortraitUpsideDown UIInterfaceOrientationLandscapeLeft UIInterfaceOrientationLandscapeRight";
				INFOPLIST_KEY_UISupportedInterfaceOrientations_iPhone = "UIInterfaceOrientationPortrait UIInterfaceOrientationLandscapeLeft UIInterfaceOrientationLandscapeRight";
				IPHONEOS_DEPLOYMENT_TARGET = 14.0;
				LD_RUNPATH_SEARCH_PATHS = (
					"$(inherited)",
					"@executable_path/Frameworks",
				);
				MARKETING_VERSION = 1.0;
				PRODUCT_BUNDLE_IDENTIFIER = com.southbaydesign.MissionValleySwiftUI;
				PRODUCT_NAME = "$(TARGET_NAME)";
				SWIFT_EMIT_LOC_STRINGS = YES;
				SWIFT_VERSION = 5.0;
				TARGETED_DEVICE_FAMILY = "1,2";
			};
			name = Release;
		};
/* End XCBuildConfiguration section */

/* Begin XCConfigurationList section */
		26190CF926CDA6E500043EEB /* Build configuration list for PBXProject "MissionValleySwiftUI" */ = {
			isa = XCConfigurationList;
			buildConfigurations = (
				26190D0A26CDA6E900043EEB /* Debug */,
				26190D0B26CDA6E900043EEB /* Release */,
			);
			defaultConfigurationIsVisible = 0;
			defaultConfigurationName = Release;
		};
		26190D0C26CDA6E900043EEB /* Build configuration list for PBXNativeTarget "MissionValleySwiftUI" */ = {
			isa = XCConfigurationList;
			buildConfigurations = (
				26190D0D26CDA6E900043EEB /* Debug */,
				26190D0E26CDA6E900043EEB /* Release */,
			);
			defaultConfigurationIsVisible = 0;
			defaultConfigurationName = Release;
		};
/* End XCConfigurationList section */
	};
	rootObject = 26190CF626CDA6E500043EEB /* Project object */;
}
